
Microsoft Visual Studio Solution File, Format Version 12.00
# Visual Studio Express 2012 for Windows Desktop
Project("{FAE04EC0-301F-11D3-BF4B-00C04F79EFBC}") = "Assignment5", "Assignment5\Assignment5.csproj", "{22A224A4-9521-4704-A38A-BD3EF3815A81}"
EndProject
Global
	GlobalSection(SolutionConfigurationPlatforms) = preSolution
		Debug|Any CPU = Debug|Any CPU
		Release|Any CPU = Release|Any CPU
	EndGlobalSection
	GlobalSection(ProjectConfigurationPlatforms) = postSolution
		{22A224A4-9521-4704-A38A-BD3EF3815A81}.Debug|Any CPU.ActiveCfg = Debug|Any CPU
		{22A224A4-9521-4704-A38A-BD3EF3815A81}.Debug|Any CPU.Build.0 = Debug|Any CPU
		{22A224A4-9521-4704-A38A-BD3EF3815A81}.Release|Any CPU.ActiveCfg = Release|Any CPU
		{22A224A4-9521-4704-A38A-BD3EF3815A81}.Release|Any CPU.Build.0 = Release|Any CPU
	EndGlobalSection
	GlobalSection(SolutionProperties) = preSolution
		HideSolutionNode = FALSE
	EndGlobalSection
EndGlobal
