
Microsoft Visual Studio Solution File, Format Version 12.00
# Visual Studio Express 2012 for Web
Project("{FAE04EC0-301F-11D3-BF4B-00C04F79EFBC}") = "Assignment25", "Assignment25\Assignment25.csproj", "{A5CF8A01-7B70-4199-AEB9-4D50B1B41767}"
EndProject
Global
	GlobalSection(SolutionConfigurationPlatforms) = preSolution
		Debug|Any CPU = Debug|Any CPU
		Release|Any CPU = Release|Any CPU
	EndGlobalSection
	GlobalSection(ProjectConfigurationPlatforms) = postSolution
		{A5CF8A01-7B70-4199-AEB9-4D50B1B41767}.Debug|Any CPU.ActiveCfg = Debug|Any CPU
		{A5CF8A01-7B70-4199-AEB9-4D50B1B41767}.Debug|Any CPU.Build.0 = Debug|Any CPU
		{A5CF8A01-7B70-4199-AEB9-4D50B1B41767}.Release|Any CPU.ActiveCfg = Release|Any CPU
		{A5CF8A01-7B70-4199-AEB9-4D50B1B41767}.Release|Any CPU.Build.0 = Release|Any CPU
	EndGlobalSection
	GlobalSection(SolutionProperties) = preSolution
		HideSolutionNode = FALSE
	EndGlobalSection
EndGlobal
