
Microsoft Visual Studio Solution File, Format Version 12.00
# Visual Studio Express 2012 for Web
Project("{FAE04EC0-301F-11D3-BF4B-00C04F79EFBC}") = "DesignPatternMVC", "DesignPatternMVC\DesignPatternMVC.csproj", "{AA664F74-78AD-4A18-81E3-E633DC7CFCD9}"
EndProject
Global
	GlobalSection(SolutionConfigurationPlatforms) = preSolution
		Debug|Any CPU = Debug|Any CPU
		Release|Any CPU = Release|Any CPU
	EndGlobalSection
	GlobalSection(ProjectConfigurationPlatforms) = postSolution
		{AA664F74-78AD-4A18-81E3-E633DC7CFCD9}.Debug|Any CPU.ActiveCfg = Debug|Any CPU
		{AA664F74-78AD-4A18-81E3-E633DC7CFCD9}.Debug|Any CPU.Build.0 = Debug|Any CPU
		{AA664F74-78AD-4A18-81E3-E633DC7CFCD9}.Release|Any CPU.ActiveCfg = Release|Any CPU
		{AA664F74-78AD-4A18-81E3-E633DC7CFCD9}.Release|Any CPU.Build.0 = Release|Any CPU
	EndGlobalSection
	GlobalSection(SolutionProperties) = preSolution
		HideSolutionNode = FALSE
	EndGlobalSection
EndGlobal
